
Microsoft Visual Studio Solution File, Format Version 12.00
# Visual Studio 15
VisualStudioVersion = 15.0.28010.0
MinimumVisualStudioVersion = 10.0.40219.1
Project("{FAE04EC0-301F-11D3-BF4B-00C04F79EFBC}") = "ImageEncy", "ImageEncy\ImageEncy.csproj", "{AE48890C-2A29-4F43-8BA4-EA13B6CEF23E}"
EndProject
Global
	GlobalSection(SolutionConfigurationPlatforms) = preSolution
		Debug|Any CPU = Debug|Any CPU
		Release|Any CPU = Release|Any CPU
	EndGlobalSection
	GlobalSection(ProjectConfigurationPlatforms) = postSolution
		{AE48890C-2A29-4F43-8BA4-EA13B6CEF23E}.Debug|Any CPU.ActiveCfg = Debug|Any CPU
		{AE48890C-2A29-4F43-8BA4-EA13B6CEF23E}.Debug|Any CPU.Build.0 = Debug|Any CPU
		{AE48890C-2A29-4F43-8BA4-EA13B6CEF23E}.Release|Any CPU.ActiveCfg = Release|Any CPU
		{AE48890C-2A29-4F43-8BA4-EA13B6CEF23E}.Release|Any CPU.Build.0 = Release|Any CPU
	EndGlobalSection
	GlobalSection(SolutionProperties) = preSolution
		HideSolutionNode = FALSE
	EndGlobalSection
	GlobalSection(ExtensibilityGlobals) = postSolution
		SolutionGuid = {CD3073E5-24BA-482A-B7D9-D2B98A8D8C61}
	EndGlobalSection
EndGlobal
